// !$*UTF8*$!
{
	archiveVersion = 1;
	classes = {
	};
	objectVersion = 46;
	objects = {

/* Begin PBXBuildFile section */
		3F0EFA8016FB4AD100095A94 /* QuartzCore.framework in Frameworks */ = {isa = PBXBuildFile; fileRef = 3FEE509016FA244000F26AB7 /* QuartzCore.framework */; };
		3F6FB863172677BF00246368 /* BasicAnimationFatory.h in Headers */ = {isa = PBXBuildFile; fileRef = 3F6FB861172677BF00246368 /* BasicAnimationFatory.h */; };
		3F6FB864172677BF00246368 /* BasicAnimationFatory.m in Sources */ = {isa = PBXBuildFile; fileRef = 3F6FB862172677BF00246368 /* BasicAnimationFatory.m */; };
		3FEE506216FA19E700F26AB7 /* Cocoa.framework in Frameworks */ = {isa = PBXBuildFile; fileRef = 3FEE506116FA19E700F26AB7 /* Cocoa.framework */; };
		3FEE506416FA19E700F26AB7 /* ScreenSaver.framework in Frameworks */ = {isa = PBXBuildFile; fileRef = 3FEE506316FA19E700F26AB7 /* ScreenSaver.framework */; };
		3FEE506E16FA19E700F26AB7 /* InfoPlist.strings in Resources */ = {isa = PBXBuildFile; fileRef = 3FEE506C16FA19E700F26AB7 /* InfoPlist.strings */; };
		3FEE507216FA19E700F26AB7 /* AnalogClockView.m in Sources */ = {isa = PBXBuildFile; fileRef = 3FEE507116FA19E700F26AB7 /* AnalogClockView.m */; };
		3FEE507B16FA1C8700F26AB7 /* DCShadow.h in Headers */ = {isa = PBXBuildFile; fileRef = 3FEE507916FA1C8700F26AB7 /* DCShadow.h */; };
		3FEE507C16FA1C8700F26AB7 /* DCShadow.m in Sources */ = {isa = PBXBuildFile; fileRef = 3FEE507A16FA1C8700F26AB7 /* DCShadow.m */; };
		3FEE508516FA1EDB00F26AB7 /* clockiocn.png in Resources */ = {isa = PBXBuildFile; fileRef = 3FEE507E16FA1EDB00F26AB7 /* clockiocn.png */; };
		3FEE508816FA1EDB00F26AB7 /* hour.png in Resources */ = {isa = PBXBuildFile; fileRef = 3FEE508116FA1EDB00F26AB7 /* hour.png */; };
		3FEE508916FA1EDB00F26AB7 /* min.png in Resources */ = {isa = PBXBuildFile; fileRef = 3FEE508216FA1EDB00F26AB7 /* min.png */; };
		3FEE508A16FA1EDB00F26AB7 /* panel.png in Resources */ = {isa = PBXBuildFile; fileRef = 3FEE508316FA1EDB00F26AB7 /* panel.png */; };
		3FEE508B16FA1EDB00F26AB7 /* second.png in Resources */ = {isa = PBXBuildFile; fileRef = 3FEE508416FA1EDB00F26AB7 /* second.png */; };
		3FEE508E16FA1F3900F26AB7 /* AnalogClockBackground.h in Headers */ = {isa = PBXBuildFile; fileRef = 3FEE508C16FA1F3900F26AB7 /* AnalogClockBackground.h */; };
		3FEE508F16FA1F3900F26AB7 /* AnalogClockBackground.m in Sources */ = {isa = PBXBuildFile; fileRef = 3FEE508D16FA1F3900F26AB7 /* AnalogClockBackground.m */; };
/* End PBXBuildFile section */

/* Begin PBXFileReference section */
		3F6FB861172677BF00246368 /* BasicAnimationFatory.h */ = {isa = PBXFileReference; fileEncoding = 4; lastKnownFileType = sourcecode.c.h; path = BasicAnimationFatory.h; sourceTree = "<group>"; };
		3F6FB862172677BF00246368 /* BasicAnimationFatory.m */ = {isa = PBXFileReference; fileEncoding = 4; lastKnownFileType = sourcecode.c.objc; path = BasicAnimationFatory.m; sourceTree = "<group>"; };
		3FEE505E16FA19E700F26AB7 /* AnalogClock.saver */ = {isa = PBXFileReference; explicitFileType = wrapper.cfbundle; includeInIndex = 0; path = AnalogClock.saver; sourceTree = BUILT_PRODUCTS_DIR; };
		3FEE506116FA19E700F26AB7 /* Cocoa.framework */ = {isa = PBXFileReference; lastKnownFileType = wrapper.framework; name = Cocoa.framework; path = System/Library/Frameworks/Cocoa.framework; sourceTree = SDKROOT; };
		3FEE506316FA19E700F26AB7 /* ScreenSaver.framework */ = {isa = PBXFileReference; lastKnownFileType = wrapper.framework; name = ScreenSaver.framework; path = System/Library/Frameworks/ScreenSaver.framework; sourceTree = SDKROOT; };
		3FEE506716FA19E700F26AB7 /* CoreData.framework */ = {isa = PBXFileReference; lastKnownFileType = wrapper.framework; name = CoreData.framework; path = System/Library/Frameworks/CoreData.framework; sourceTree = SDKROOT; };
		3FEE506816FA19E700F26AB7 /* Foundation.framework */ = {isa = PBXFileReference; lastKnownFileType = wrapper.framework; name = Foundation.framework; path = System/Library/Frameworks/Foundation.framework; sourceTree = SDKROOT; };
		3FEE506B16FA19E700F26AB7 /* AnalogClock-Info.plist */ = {isa = PBXFileReference; lastKnownFileType = text.plist.xml; path = "AnalogClock-Info.plist"; sourceTree = "<group>"; };
		3FEE506D16FA19E700F26AB7 /* en */ = {isa = PBXFileReference; lastKnownFileType = text.plist.strings; name = en; path = en.lproj/InfoPlist.strings; sourceTree = "<group>"; };
		3FEE506F16FA19E700F26AB7 /* AnalogClock-Prefix.pch */ = {isa = PBXFileReference; lastKnownFileType = sourcecode.c.h; path = "AnalogClock-Prefix.pch"; sourceTree = "<group>"; };
		3FEE507016FA19E700F26AB7 /* AnalogClockView.h */ = {isa = PBXFileReference; lastKnownFileType = sourcecode.c.h; path = AnalogClockView.h; sourceTree = "<group>"; };
		3FEE507116FA19E700F26AB7 /* AnalogClockView.m */ = {isa = PBXFileReference; lastKnownFileType = sourcecode.c.objc; name = AnalogClockView.m; path = AnalogClock/AnalogClockView.m; sourceTree = SOURCE_ROOT; };
		3FEE507916FA1C8700F26AB7 /* DCShadow.h */ = {isa = PBXFileReference; fileEncoding = 4; lastKnownFileType = sourcecode.c.h; path = DCShadow.h; sourceTree = "<group>"; };
		3FEE507A16FA1C8700F26AB7 /* DCShadow.m */ = {isa = PBXFileReference; fileEncoding = 4; lastKnownFileType = sourcecode.c.objc; path = DCShadow.m; sourceTree = "<group>"; };
		3FEE507E16FA1EDB00F26AB7 /* clockiocn.png */ = {isa = PBXFileReference; lastKnownFileType = image.png; path = clockiocn.png; sourceTree = "<group>"; };
		3FEE508116FA1EDB00F26AB7 /* hour.png */ = {isa = PBXFileReference; lastKnownFileType = image.png; path = hour.png; sourceTree = "<group>"; };
		3FEE508216FA1EDB00F26AB7 /* min.png */ = {isa = PBXFileReference; lastKnownFileType = image.png; path = min.png; sourceTree = "<group>"; };
		3FEE508316FA1EDB00F26AB7 /* panel.png */ = {isa = PBXFileReference; lastKnownFileType = image.png; name = panel.png; path = /Users/cipiglio/Documents/Git/Github/AnalogClock/AnalogClock/panel.png; sourceTree = "<absolute>"; };
		3FEE508416FA1EDB00F26AB7 /* second.png */ = {isa = PBXFileReference; lastKnownFileType = image.png; path = second.png; sourceTree = "<group>"; };
		3FEE508C16FA1F3900F26AB7 /* AnalogClockBackground.h */ = {isa = PBXFileReference; fileEncoding = 4; lastKnownFileType = sourcecode.c.h; path = AnalogClockBackground.h; sourceTree = "<group>"; };
		3FEE508D16FA1F3900F26AB7 /* AnalogClockBackground.m */ = {isa = PBXFileReference; fileEncoding = 4; lastKnownFileType = sourcecode.c.objc; path = AnalogClockBackground.m; sourceTree = "<group>"; };
		3FEE509016FA244000F26AB7 /* QuartzCore.framework */ = {isa = PBXFileReference; lastKnownFileType = wrapper.framework; name = QuartzCore.framework; path = System/Library/Frameworks/QuartzCore.framework; sourceTree = SDKROOT; };
/* End PBXFileReference section */

/* Begin PBXFrameworksBuildPhase section */
		3FEE505916FA19E700F26AB7 /* Frameworks */ = {
			isa = PBXFrameworksBuildPhase;
			buildActionMask = 2147483647;
			files = (
				3F0EFA8016FB4AD100095A94 /* QuartzCore.framework in Frameworks */,
				3FEE506216FA19E700F26AB7 /* Cocoa.framework in Frameworks */,
				3FEE506416FA19E700F26AB7 /* ScreenSaver.framework in Frameworks */,
			);
			runOnlyForDeploymentPostprocessing = 0;
		};
/* End PBXFrameworksBuildPhase section */

/* Begin PBXGroup section */
		3FEE505316FA19E700F26AB7 = {
			isa = PBXGroup;
			children = (
				3FEE506916FA19E700F26AB7 /* AnalogClock */,
				3FEE506016FA19E700F26AB7 /* Frameworks */,
				3FEE505F16FA19E700F26AB7 /* Products */,
			);
			sourceTree = "<group>";
		};
		3FEE505F16FA19E700F26AB7 /* Products */ = {
			isa = PBXGroup;
			children = (
				3FEE505E16FA19E700F26AB7 /* AnalogClock.saver */,
			);
			name = Products;
			sourceTree = "<group>";
		};
		3FEE506016FA19E700F26AB7 /* Frameworks */ = {
			isa = PBXGroup;
			children = (
				3FEE506116FA19E700F26AB7 /* Cocoa.framework */,
				3FEE506316FA19E700F26AB7 /* ScreenSaver.framework */,
				3FEE506516FA19E700F26AB7 /* Other Frameworks */,
			);
			name = Frameworks;
			sourceTree = "<group>";
		};
		3FEE506516FA19E700F26AB7 /* Other Frameworks */ = {
			isa = PBXGroup;
			children = (
				3FEE509016FA244000F26AB7 /* QuartzCore.framework */,
				3FEE506716FA19E700F26AB7 /* CoreData.framework */,
				3FEE506816FA19E700F26AB7 /* Foundation.framework */,
			);
			name = "Other Frameworks";
			sourceTree = "<group>";
		};
		3FEE506916FA19E700F26AB7 /* AnalogClock */ = {
			isa = PBXGroup;
			children = (
				3FEE507816FA1C7000F26AB7 /* tool */,
				3FEE508C16FA1F3900F26AB7 /* AnalogClockBackground.h */,
				3FEE508D16FA1F3900F26AB7 /* AnalogClockBackground.m */,
				3FEE507016FA19E700F26AB7 /* AnalogClockView.h */,
				3FEE507116FA19E700F26AB7 /* AnalogClockView.m */,
				3FEE506A16FA19E700F26AB7 /* Supporting Files */,
			);
			path = AnalogClock;
			sourceTree = "<group>";
		};
		3FEE506A16FA19E700F26AB7 /* Supporting Files */ = {
			isa = PBXGroup;
			children = (
				3FEE507D16FA1EBA00F26AB7 /* images */,
				3FEE506B16FA19E700F26AB7 /* AnalogClock-Info.plist */,
				3FEE506C16FA19E700F26AB7 /* InfoPlist.strings */,
				3FEE506F16FA19E700F26AB7 /* AnalogClock-Prefix.pch */,
			);
			name = "Supporting Files";
			sourceTree = "<group>";
		};
		3FEE507816FA1C7000F26AB7 /* tool */ = {
			isa = PBXGroup;
			children = (
				3FEE507916FA1C8700F26AB7 /* DCShadow.h */,
				3FEE507A16FA1C8700F26AB7 /* DCShadow.m */,
				3F6FB861172677BF00246368 /* BasicAnimationFatory.h */,
				3F6FB862172677BF00246368 /* BasicAnimationFatory.m */,
			);
			name = tool;
			sourceTree = "<group>";
		};
		3FEE507D16FA1EBA00F26AB7 /* images */ = {
			isa = PBXGroup;
			children = (
				3FEE507E16FA1EDB00F26AB7 /* clockiocn.png */,
				3FEE508116FA1EDB00F26AB7 /* hour.png */,
				3FEE508216FA1EDB00F26AB7 /* min.png */,
				3FEE508316FA1EDB00F26AB7 /* panel.png */,
				3FEE508416FA1EDB00F26AB7 /* second.png */,
			);
			name = images;
			sourceTree = "<group>";
		};
/* End PBXGroup section */

/* Begin PBXHeadersBuildPhase section */
		3FEE505A16FA19E700F26AB7 /* Headers */ = {
			isa = PBXHeadersBuildPhase;
			buildActionMask = 2147483647;
			files = (
				3FEE507B16FA1C8700F26AB7 /* DCShadow.h in Headers */,
				3FEE508E16FA1F3900F26AB7 /* AnalogClockBackground.h in Headers */,
				3F6FB863172677BF00246368 /* BasicAnimationFatory.h in Headers */,
			);
			runOnlyForDeploymentPostprocessing = 0;
		};
/* End PBXHeadersBuildPhase section */

/* Begin PBXNativeTarget section */
		3FEE505D16FA19E700F26AB7 /* AnalogClock */ = {
			isa = PBXNativeTarget;
			buildConfigurationList = 3FEE507516FA19E700F26AB7 /* Build configuration list for PBXNativeTarget "AnalogClock" */;
			buildPhases = (
				3FEE505816FA19E700F26AB7 /* Sources */,
				3FEE505916FA19E700F26AB7 /* Frameworks */,
				3FEE505A16FA19E700F26AB7 /* Headers */,
				3FEE505B16FA19E700F26AB7 /* Resources */,
				3FEE505C16FA19E700F26AB7 /* Rez */,
			);
			buildRules = (
			);
			dependencies = (
			);
			name = AnalogClock;
			productName = AnalogClock;
			productReference = 3FEE505E16FA19E700F26AB7 /* AnalogClock.saver */;
			productType = "com.apple.product-type.bundle";
		};
/* End PBXNativeTarget section */

/* Begin PBXProject section */
		3FEE505416FA19E700F26AB7 /* Project object */ = {
			isa = PBXProject;
			attributes = {
				LastUpgradeCheck = 0460;
				ORGANIZATIONNAME = cod7ce;
			};
			buildConfigurationList = 3FEE505716FA19E700F26AB7 /* Build configuration list for PBXProject "AnalogClock" */;
			compatibilityVersion = "Xcode 3.2";
			developmentRegion = English;
			hasScannedForEncodings = 0;
			knownRegions = (
				en,
			);
			mainGroup = 3FEE505316FA19E700F26AB7;
			productRefGroup = 3FEE505F16FA19E700F26AB7 /* Products */;
			projectDirPath = "";
			projectRoot = "";
			targets = (
				3FEE505D16FA19E700F26AB7 /* AnalogClock */,
			);
		};
/* End PBXProject section */

/* Begin PBXResourcesBuildPhase section */
		3FEE505B16FA19E700F26AB7 /* Resources */ = {
			isa = PBXResourcesBuildPhase;
			buildActionMask = 2147483647;
			files = (
				3FEE506E16FA19E700F26AB7 /* InfoPlist.strings in Resources */,
				3FEE508516FA1EDB00F26AB7 /* clockiocn.png in Resources */,
				3FEE508816FA1EDB00F26AB7 /* hour.png in Resources */,
				3FEE508916FA1EDB00F26AB7 /* min.png in Resources */,
				3FEE508A16FA1EDB00F26AB7 /* panel.png in Resources */,
				3FEE508B16FA1EDB00F26AB7 /* second.png in Resources */,
			);
			runOnlyForDeploymentPostprocessing = 0;
		};
/* End PBXResourcesBuildPhase section */

/* Begin PBXRezBuildPhase section */
		3FEE505C16FA19E700F26AB7 /* Rez */ = {
			isa = PBXRezBuildPhase;
			buildActionMask = 2147483647;
			files = (
			);
			runOnlyForDeploymentPostprocessing = 0;
		};
/* End PBXRezBuildPhase section */

/* Begin PBXSourcesBuildPhase section */
		3FEE505816FA19E700F26AB7 /* Sources */ = {
			isa = PBXSourcesBuildPhase;
			buildActionMask = 2147483647;
			files = (
				3FEE507216FA19E700F26AB7 /* AnalogClockView.m in Sources */,
				3FEE507C16FA1C8700F26AB7 /* DCShadow.m in Sources */,
				3FEE508F16FA1F3900F26AB7 /* AnalogClockBackground.m in Sources */,
				3F6FB864172677BF00246368 /* BasicAnimationFatory.m in Sources */,
			);
			runOnlyForDeploymentPostprocessing = 0;
		};
/* End PBXSourcesBuildPhase section */

/* Begin PBXVariantGroup section */
		3FEE506C16FA19E700F26AB7 /* InfoPlist.strings */ = {
			isa = PBXVariantGroup;
			children = (
				3FEE506D16FA19E700F26AB7 /* en */,
			);
			name = InfoPlist.strings;
			sourceTree = "<group>";
		};
/* End PBXVariantGroup section */

/* Begin XCBuildConfiguration section */
		3FEE507316FA19E700F26AB7 /* Debug */ = {
			isa = XCBuildConfiguration;
			buildSettings = {
				ALWAYS_SEARCH_USER_PATHS = NO;
				ARCHS = "$(ARCHS_STANDARD_64_BIT)";
				CLANG_CXX_LANGUAGE_STANDARD = "gnu++0x";
				CLANG_CXX_LIBRARY = "libc++";
				CLANG_WARN_CONSTANT_CONVERSION = YES;
				CLANG_WARN_EMPTY_BODY = YES;
				CLANG_WARN_ENUM_CONVERSION = YES;
				CLANG_WARN_INT_CONVERSION = YES;
				CLANG_WARN__DUPLICATE_METHOD_MATCH = YES;
				COPY_PHASE_STRIP = NO;
				GCC_C_LANGUAGE_STANDARD = gnu99;
				GCC_DYNAMIC_NO_PIC = NO;
				GCC_ENABLE_OBJC_EXCEPTIONS = YES;
				GCC_ENABLE_OBJC_GC = supported;
				GCC_OPTIMIZATION_LEVEL = 0;
				GCC_PREPROCESSOR_DEFINITIONS = (
					"DEBUG=1",
					"$(inherited)",
				);
				GCC_SYMBOLS_PRIVATE_EXTERN = NO;
				GCC_WARN_64_TO_32_BIT_CONVERSION = YES;
				GCC_WARN_ABOUT_RETURN_TYPE = YES;
				GCC_WARN_UNINITIALIZED_AUTOS = YES;
				GCC_WARN_UNUSED_VARIABLE = YES;
				MACOSX_DEPLOYMENT_TARGET = 10.7;
				ONLY_ACTIVE_ARCH = YES;
				SDKROOT = macosx;
			};
			name = Debug;
		};
		3FEE507416FA19E700F26AB7 /* Release */ = {
			isa = XCBuildConfiguration;
			buildSettings = {
				ALWAYS_SEARCH_USER_PATHS = NO;
				ARCHS = "$(ARCHS_STANDARD_64_BIT)";
				CLANG_CXX_LANGUAGE_STANDARD = "gnu++0x";
				CLANG_CXX_LIBRARY = "libc++";
				CLANG_WARN_CONSTANT_CONVERSION = YES;
				CLANG_WARN_EMPTY_BODY = YES;
				CLANG_WARN_ENUM_CONVERSION = YES;
				CLANG_WARN_INT_CONVERSION = YES;
				CLANG_WARN__DUPLICATE_METHOD_MATCH = YES;
				COPY_PHASE_STRIP = YES;
				DEBUG_INFORMATION_FORMAT = "dwarf-with-dsym";
				GCC_C_LANGUAGE_STANDARD = gnu99;
				GCC_ENABLE_OBJC_EXCEPTIONS = YES;
				GCC_ENABLE_OBJC_GC = supported;
				GCC_WARN_64_TO_32_BIT_CONVERSION = YES;
				GCC_WARN_ABOUT_RETURN_TYPE = YES;
				GCC_WARN_UNINITIALIZED_AUTOS = YES;
				GCC_WARN_UNUSED_VARIABLE = YES;
				MACOSX_DEPLOYMENT_TARGET = 10.7;
				SDKROOT = macosx;
			};
			name = Release;
		};
		3FEE507616FA19E700F26AB7 /* Debug */ = {
			isa = XCBuildConfiguration;
			buildSettings = {
				COMBINE_HIDPI_IMAGES = YES;
				GCC_ENABLE_OBJC_GC = ARC;
				GCC_PRECOMPILE_PREFIX_HEADER = YES;
				GCC_PREFIX_HEADER = "AnalogClock/AnalogClock-Prefix.pch";
				INFOPLIST_FILE = "AnalogClock/AnalogClock-Info.plist";
				INSTALL_PATH = "$(HOME)/Library/Screen Savers";
				MACOSX_DEPLOYMENT_TARGET = 10.7;
				PRODUCT_NAME = "$(TARGET_NAME)";
				WRAPPER_EXTENSION = saver;
			};
			name = Debug;
		};
		3FEE507716FA19E700F26AB7 /* Release */ = {
			isa = XCBuildConfiguration;
			buildSettings = {
				COMBINE_HIDPI_IMAGES = YES;
				GCC_ENABLE_OBJC_GC = ARC;
				GCC_PRECOMPILE_PREFIX_HEADER = YES;
				GCC_PREFIX_HEADER = "AnalogClock/AnalogClock-Prefix.pch";
				INFOPLIST_FILE = "AnalogClock/AnalogClock-Info.plist";
				INSTALL_PATH = "$(HOME)/Library/Screen Savers";
				MACOSX_DEPLOYMENT_TARGET = 10.7;
				PRODUCT_NAME = "$(TARGET_NAME)";
				WRAPPER_EXTENSION = saver;
			};
			name = Release;
		};
/* End XCBuildConfiguration section */

/* Begin XCConfigurationList section */
		3FEE505716FA19E700F26AB7 /* Build configuration list for PBXProject "AnalogClock" */ = {
			isa = XCConfigurationList;
			buildConfigurations = (
				3FEE507316FA19E700F26AB7 /* Debug */,
				3FEE507416FA19E700F26AB7 /* Release */,
			);
			defaultConfigurationIsVisible = 0;
			defaultConfigurationName = Release;
		};
		3FEE507516FA19E700F26AB7 /* Build configuration list for PBXNativeTarget "AnalogClock" */ = {
			isa = XCConfigurationList;
			buildConfigurations = (
				3FEE507616FA19E700F26AB7 /* Debug */,
				3FEE507716FA19E700F26AB7 /* Release */,
			);
			defaultConfigurationIsVisible = 0;
			defaultConfigurationName = Release;
		};
/* End XCConfigurationList section */
	};
	rootObject = 3FEE505416FA19E700F26AB7 /* Project object */;
}
